// !$*UTF8*$!
{
	archiveVersion = 1;
	classes = {
	};
	objectVersion = 55;
	objects = {

/* Begin PBXBuildFile section */
		BE73E06C28C21C700081D98E /* AppDelegate.swift in Sources */ = {isa = PBXBuildFile; fileRef = BE73E06B28C21C700081D98E /* AppDelegate.swift */; };
		BE73E06E28C21C700081D98E /* SceneDelegate.swift in Sources */ = {isa = PBXBuildFile; fileRef = BE73E06D28C21C700081D98E /* SceneDelegate.swift */; };
		BE73E07028C21C700081D98E /* MainVC.swift in Sources */ = {isa = PBXBuildFile; fileRef = BE73E06F28C21C700081D98E /* MainVC.swift */; };
		BE73E07328C21C700081D98E /* Main.storyboard in Resources */ = {isa = PBXBuildFile; fileRef = BE73E07128C21C700081D98E /* Main.storyboard */; };
		BE73E07628C21C700081D98E /* ToDoList_with_Realm__CoreData__UserDefaults.xcdatamodeld in Sources */ = {isa = PBXBuildFile; fileRef = BE73E07428C21C700081D98E /* ToDoList_with_Realm__CoreData__UserDefaults.xcdatamodeld */; };
		BE73E07828C21C720081D98E /* Assets.xcassets in Resources */ = {isa = PBXBuildFile; fileRef = BE73E07728C21C720081D98E /* Assets.xcassets */; };
		BE73E07B28C21C720081D98E /* LaunchScreen.storyboard in Resources */ = {isa = PBXBuildFile; fileRef = BE73E07928C21C720081D98E /* LaunchScreen.storyboard */; };
		BE73E08828C21D4C0081D98E /* Realm in Frameworks */ = {isa = PBXBuildFile; productRef = BE73E08728C21D4C0081D98E /* Realm */; };
		BE73E08A28C21D4C0081D98E /* RealmSwift in Frameworks */ = {isa = PBXBuildFile; productRef = BE73E08928C21D4C0081D98E /* RealmSwift */; };
		BE73E08C28C21D610081D98E /* RealmModel.swift in Sources */ = {isa = PBXBuildFile; fileRef = BE73E08B28C21D610081D98E /* RealmModel.swift */; };
		BE73E08F28C21F880081D98E /* RealmSaver.swift in Sources */ = {isa = PBXBuildFile; fileRef = BE73E08E28C21F880081D98E /* RealmSaver.swift */; };
		BE73E09128C21F940081D98E /* CoreDataSaver.swift in Sources */ = {isa = PBXBuildFile; fileRef = BE73E09028C21F940081D98E /* CoreDataSaver.swift */; };
		BE73E09328C21F9D0081D98E /* UserDefaultsSaver.swift in Sources */ = {isa = PBXBuildFile; fileRef = BE73E09228C21F9D0081D98E /* UserDefaultsSaver.swift */; };
		BE73E09628C230BF0081D98E /* Protocols.swift in Sources */ = {isa = PBXBuildFile; fileRef = BE73E09528C230BF0081D98E /* Protocols.swift */; };
		BE76810628C3915C0084EF1F /* CoreDataObject+CoreDataClass.swift in Sources */ = {isa = PBXBuildFile; fileRef = BE76810428C3915C0084EF1F /* CoreDataObject+CoreDataClass.swift */; };
		BE76810728C3915C0084EF1F /* CoreDataObject+CoreDataProperties.swift in Sources */ = {isa = PBXBuildFile; fileRef = BE76810528C3915C0084EF1F /* CoreDataObject+CoreDataProperties.swift */; };
		BE76810928C3A50C0084EF1F /* CoreDataReturner.swift in Sources */ = {isa = PBXBuildFile; fileRef = BE76810828C3A50C0084EF1F /* CoreDataReturner.swift */; };
		BE85FEBA28C697E9008321F7 /* DefaultsModel.swift in Sources */ = {isa = PBXBuildFile; fileRef = BE85FEB928C697E9008321F7 /* DefaultsModel.swift */; };
		BE85FEBC28C6999B008321F7 /* Defaults returner.swift in Sources */ = {isa = PBXBuildFile; fileRef = BE85FEBB28C6999B008321F7 /* Defaults returner.swift */; };
		BE9E472D28C7BF8C0055B4A9 /* Configure Alert.swift in Sources */ = {isa = PBXBuildFile; fileRef = BE9E472C28C7BF8C0055B4A9 /* Configure Alert.swift */; };
		BEEE28FF28C2A5EF001026E1 /* RealmReturner.swift in Sources */ = {isa = PBXBuildFile; fileRef = BEEE28FE28C2A5EF001026E1 /* RealmReturner.swift */; };
/* End PBXBuildFile section */

/* Begin PBXFileReference section */
		BE73E06828C21C700081D98E /* ToDoList with Realm, CoreData, UserDefaults.app */ = {isa = PBXFileReference; explicitFileType = wrapper.application; includeInIndex = 0; path = "ToDoList with Realm, CoreData, UserDefaults.app"; sourceTree = BUILT_PRODUCTS_DIR; };
		BE73E06B28C21C700081D98E /* AppDelegate.swift */ = {isa = PBXFileReference; lastKnownFileType = sourcecode.swift; path = AppDelegate.swift; sourceTree = "<group>"; };
		BE73E06D28C21C700081D98E /* SceneDelegate.swift */ = {isa = PBXFileReference; lastKnownFileType = sourcecode.swift; path = SceneDelegate.swift; sourceTree = "<group>"; };
		BE73E06F28C21C700081D98E /* MainVC.swift */ = {isa = PBXFileReference; lastKnownFileType = sourcecode.swift; path = MainVC.swift; sourceTree = "<group>"; };
		BE73E07228C21C700081D98E /* Base */ = {isa = PBXFileReference; lastKnownFileType = file.storyboard; name = Base; path = Base.lproj/Main.storyboard; sourceTree = "<group>"; };
		BE73E07528C21C700081D98E /* ToDoList_with_Realm__CoreData__UserDefaults.xcdatamodel */ = {isa = PBXFileReference; lastKnownFileType = wrapper.xcdatamodel; path = ToDoList_with_Realm__CoreData__UserDefaults.xcdatamodel; sourceTree = "<group>"; };
		BE73E07728C21C720081D98E /* Assets.xcassets */ = {isa = PBXFileReference; lastKnownFileType = folder.assetcatalog; path = Assets.xcassets; sourceTree = "<group>"; };
		BE73E07A28C21C720081D98E /* Base */ = {isa = PBXFileReference; lastKnownFileType = file.storyboard; name = Base; path = Base.lproj/LaunchScreen.storyboard; sourceTree = "<group>"; };
		BE73E07C28C21C720081D98E /* Info.plist */ = {isa = PBXFileReference; lastKnownFileType = text.plist.xml; path = Info.plist; sourceTree = "<group>"; };
		BE73E08B28C21D610081D98E /* RealmModel.swift */ = {isa = PBXFileReference; lastKnownFileType = sourcecode.swift; path = RealmModel.swift; sourceTree = "<group>"; };
		BE73E08E28C21F880081D98E /* RealmSaver.swift */ = {isa = PBXFileReference; lastKnownFileType = sourcecode.swift; path = RealmSaver.swift; sourceTree = "<group>"; };
		BE73E09028C21F940081D98E /* CoreDataSaver.swift */ = {isa = PBXFileReference; lastKnownFileType = sourcecode.swift; path = CoreDataSaver.swift; sourceTree = "<group>"; };
		BE73E09228C21F9D0081D98E /* UserDefaultsSaver.swift */ = {isa = PBXFileReference; lastKnownFileType = sourcecode.swift; path = UserDefaultsSaver.swift; sourceTree = "<group>"; };
		BE73E09528C230BF0081D98E /* Protocols.swift */ = {isa = PBXFileReference; lastKnownFileType = sourcecode.swift; path = Protocols.swift; sourceTree = "<group>"; };
		BE76810428C3915C0084EF1F /* CoreDataObject+CoreDataClass.swift */ = {isa = PBXFileReference; lastKnownFileType = sourcecode.swift; path = "CoreDataObject+CoreDataClass.swift"; sourceTree = "<group>"; };
		BE76810528C3915C0084EF1F /* CoreDataObject+CoreDataProperties.swift */ = {isa = PBXFileReference; lastKnownFileType = sourcecode.swift; path = "CoreDataObject+CoreDataProperties.swift"; sourceTree = "<group>"; };
		BE76810828C3A50C0084EF1F /* CoreDataReturner.swift */ = {isa = PBXFileReference; lastKnownFileType = sourcecode.swift; path = CoreDataReturner.swift; sourceTree = "<group>"; };
		BE85FEB928C697E9008321F7 /* DefaultsModel.swift */ = {isa = PBXFileReference; lastKnownFileType = sourcecode.swift; path = DefaultsModel.swift; sourceTree = "<group>"; };
		BE85FEBB28C6999B008321F7 /* Defaults returner.swift */ = {isa = PBXFileReference; lastKnownFileType = sourcecode.swift; path = "Defaults returner.swift"; sourceTree = "<group>"; };
		BE9E472C28C7BF8C0055B4A9 /* Configure Alert.swift */ = {isa = PBXFileReference; lastKnownFileType = sourcecode.swift; path = "Configure Alert.swift"; sourceTree = "<group>"; };
		BEEE28FE28C2A5EF001026E1 /* RealmReturner.swift */ = {isa = PBXFileReference; lastKnownFileType = sourcecode.swift; path = RealmReturner.swift; sourceTree = "<group>"; };
/* End PBXFileReference section */

/* Begin PBXFrameworksBuildPhase section */
		BE73E06528C21C700081D98E /* Frameworks */ = {
			isa = PBXFrameworksBuildPhase;
			buildActionMask = 2147483647;
			files = (
				BE73E08A28C21D4C0081D98E /* RealmSwift in Frameworks */,
				BE73E08828C21D4C0081D98E /* Realm in Frameworks */,
			);
			runOnlyForDeploymentPostprocessing = 0;
		};
/* End PBXFrameworksBuildPhase section */

/* Begin PBXGroup section */
		BE73E05F28C21C700081D98E = {
			isa = PBXGroup;
			children = (
				BE73E06A28C21C700081D98E /* ToDoList with Realm, CoreData, UserDefaults */,
				BE73E06928C21C700081D98E /* Products */,
			);
			sourceTree = "<group>";
		};
		BE73E06928C21C700081D98E /* Products */ = {
			isa = PBXGroup;
			children = (
				BE73E06828C21C700081D98E /* ToDoList with Realm, CoreData, UserDefaults.app */,
			);
			name = Products;
			sourceTree = "<group>";
		};
		BE73E06A28C21C700081D98E /* ToDoList with Realm, CoreData, UserDefaults */ = {
			isa = PBXGroup;
			children = (
				BE73E08228C21C900081D98E /* Supporting Files */,
				BE73E09828C232310081D98E /* Services */,
				BE73E08528C21CAC0081D98E /* Model */,
				BE73E08328C21C9E0081D98E /* View */,
				BE73E08428C21CA50081D98E /* Controller */,
			);
			path = "ToDoList with Realm, CoreData, UserDefaults";
			sourceTree = "<group>";
		};
		BE73E08228C21C900081D98E /* Supporting Files */ = {
			isa = PBXGroup;
			children = (
				BE73E06B28C21C700081D98E /* AppDelegate.swift */,
				BE73E06D28C21C700081D98E /* SceneDelegate.swift */,
				BE73E07728C21C720081D98E /* Assets.xcassets */,
				BE73E07928C21C720081D98E /* LaunchScreen.storyboard */,
				BE73E07C28C21C720081D98E /* Info.plist */,
				BE73E09528C230BF0081D98E /* Protocols.swift */,
			);
			path = "Supporting Files";
			sourceTree = "<group>";
		};
		BE73E08328C21C9E0081D98E /* View */ = {
			isa = PBXGroup;
			children = (
				BE73E07128C21C700081D98E /* Main.storyboard */,
				BE9E472C28C7BF8C0055B4A9 /* Configure Alert.swift */,
			);
			path = View;
			sourceTree = "<group>";
		};
		BE73E08428C21CA50081D98E /* Controller */ = {
			isa = PBXGroup;
			children = (
				BE73E06F28C21C700081D98E /* MainVC.swift */,
			);
			path = Controller;
			sourceTree = "<group>";
		};
		BE73E08528C21CAC0081D98E /* Model */ = {
			isa = PBXGroup;
			children = (
				BE76810428C3915C0084EF1F /* CoreDataObject+CoreDataClass.swift */,
				BE76810528C3915C0084EF1F /* CoreDataObject+CoreDataProperties.swift */,
				BE73E07428C21C700081D98E /* ToDoList_with_Realm__CoreData__UserDefaults.xcdatamodeld */,
				BE73E08B28C21D610081D98E /* RealmModel.swift */,
				BE85FEB928C697E9008321F7 /* DefaultsModel.swift */,
			);
			path = Model;
			sourceTree = "<group>";
		};
		BE73E08D28C21F700081D98E /* Saving Services  */ = {
			isa = PBXGroup;
			children = (
				BE73E08E28C21F880081D98E /* RealmSaver.swift */,
				BE73E09028C21F940081D98E /* CoreDataSaver.swift */,
				BE73E09228C21F9D0081D98E /* UserDefaultsSaver.swift */,
			);
			path = "Saving Services ";
			sourceTree = "<group>";
		};
		BE73E09728C2320B0081D98E /* Return Services */ = {
			isa = PBXGroup;
			children = (
				BEEE28FE28C2A5EF001026E1 /* RealmReturner.swift */,
				BE76810828C3A50C0084EF1F /* CoreDataReturner.swift */,
				BE85FEBB28C6999B008321F7 /* Defaults returner.swift */,
			);
			path = "Return Services";
			sourceTree = "<group>";
		};
		BE73E09828C232310081D98E /* Services */ = {
			isa = PBXGroup;
			children = (
				BE73E09728C2320B0081D98E /* Return Services */,
				BE73E08D28C21F700081D98E /* Saving Services  */,
			);
			path = Services;
			sourceTree = "<group>";
		};
/* End PBXGroup section */

/* Begin PBXNativeTarget section */
		BE73E06728C21C700081D98E /* ToDoList with Realm, CoreData, UserDefaults */ = {
			isa = PBXNativeTarget;
			buildConfigurationList = BE73E07F28C21C720081D98E /* Build configuration list for PBXNativeTarget "ToDoList with Realm, CoreData, UserDefaults" */;
			buildPhases = (
				BE73E06428C21C700081D98E /* Sources */,
				BE73E06528C21C700081D98E /* Frameworks */,
				BE73E06628C21C700081D98E /* Resources */,
			);
			buildRules = (
			);
			dependencies = (
			);
			name = "ToDoList with Realm, CoreData, UserDefaults";
			packageProductDependencies = (
				BE73E08728C21D4C0081D98E /* Realm */,
				BE73E08928C21D4C0081D98E /* RealmSwift */,
			);
			productName = "ToDoList with Realm, CoreData, UserDefaults";
			productReference = BE73E06828C21C700081D98E /* ToDoList with Realm, CoreData, UserDefaults.app */;
			productType = "com.apple.product-type.application";
		};
/* End PBXNativeTarget section */

/* Begin PBXProject section */
		BE73E06028C21C700081D98E /* Project object */ = {
			isa = PBXProject;
			attributes = {
				BuildIndependentTargetsInParallel = 1;
				LastSwiftUpdateCheck = 1340;
				LastUpgradeCheck = 1340;
				TargetAttributes = {
					BE73E06728C21C700081D98E = {
						CreatedOnToolsVersion = 13.4.1;
					};
				};
			};
			buildConfigurationList = BE73E06328C21C700081D98E /* Build configuration list for PBXProject "ToDoList with Realm, CoreData, UserDefaults" */;
			compatibilityVersion = "Xcode 13.0";
			developmentRegion = en;
			hasScannedForEncodings = 0;
			knownRegions = (
				en,
				Base,
			);
			mainGroup = BE73E05F28C21C700081D98E;
			packageReferences = (
				BE73E08628C21D4C0081D98E /* XCRemoteSwiftPackageReference "realm-swift" */,
			);
			productRefGroup = BE73E06928C21C700081D98E /* Products */;
			projectDirPath = "";
			projectRoot = "";
			targets = (
				BE73E06728C21C700081D98E /* ToDoList with Realm, CoreData, UserDefaults */,
			);
		};
/* End PBXProject section */

/* Begin PBXResourcesBuildPhase section */
		BE73E06628C21C700081D98E /* Resources */ = {
			isa = PBXResourcesBuildPhase;
			buildActionMask = 2147483647;
			files = (
				BE73E07B28C21C720081D98E /* LaunchScreen.storyboard in Resources */,
				BE73E07828C21C720081D98E /* Assets.xcassets in Resources */,
				BE73E07328C21C700081D98E /* Main.storyboard in Resources */,
			);
			runOnlyForDeploymentPostprocessing = 0;
		};
/* End PBXResourcesBuildPhase section */

/* Begin PBXSourcesBuildPhase section */
		BE73E06428C21C700081D98E /* Sources */ = {
			isa = PBXSourcesBuildPhase;
			buildActionMask = 2147483647;
			files = (
				BEEE28FF28C2A5EF001026E1 /* RealmReturner.swift in Sources */,
				BE73E07028C21C700081D98E /* MainVC.swift in Sources */,
				BE76810628C3915C0084EF1F /* CoreDataObject+CoreDataClass.swift in Sources */,
				BE76810728C3915C0084EF1F /* CoreDataObject+CoreDataProperties.swift in Sources */,
				BE73E06C28C21C700081D98E /* AppDelegate.swift in Sources */,
				BE73E08F28C21F880081D98E /* RealmSaver.swift in Sources */,
				BE73E09628C230BF0081D98E /* Protocols.swift in Sources */,
				BE73E06E28C21C700081D98E /* SceneDelegate.swift in Sources */,
				BE85FEBC28C6999B008321F7 /* Defaults returner.swift in Sources */,
				BE73E08C28C21D610081D98E /* RealmModel.swift in Sources */,
				BE9E472D28C7BF8C0055B4A9 /* Configure Alert.swift in Sources */,
				BE73E09128C21F940081D98E /* CoreDataSaver.swift in Sources */,
				BE76810928C3A50C0084EF1F /* CoreDataReturner.swift in Sources */,
				BE73E07628C21C700081D98E /* ToDoList_with_Realm__CoreData__UserDefaults.xcdatamodeld in Sources */,
				BE73E09328C21F9D0081D98E /* UserDefaultsSaver.swift in Sources */,
				BE85FEBA28C697E9008321F7 /* DefaultsModel.swift in Sources */,
			);
			runOnlyForDeploymentPostprocessing = 0;
		};
/* End PBXSourcesBuildPhase section */

/* Begin PBXVariantGroup section */
		BE73E07128C21C700081D98E /* Main.storyboard */ = {
			isa = PBXVariantGroup;
			children = (
				BE73E07228C21C700081D98E /* Base */,
			);
			name = Main.storyboard;
			sourceTree = "<group>";
		};
		BE73E07928C21C720081D98E /* LaunchScreen.storyboard */ = {
			isa = PBXVariantGroup;
			children = (
				BE73E07A28C21C720081D98E /* Base */,
			);
			name = LaunchScreen.storyboard;
			sourceTree = "<group>";
		};
/* End PBXVariantGroup section */

/* Begin XCBuildConfiguration section */
		BE73E07D28C21C720081D98E /* Debug */ = {
			isa = XCBuildConfiguration;
			buildSettings = {
				ALWAYS_SEARCH_USER_PATHS = NO;
				CLANG_ANALYZER_NONNULL = YES;
				CLANG_ANALYZER_NUMBER_OBJECT_CONVERSION = YES_AGGRESSIVE;
				CLANG_CXX_LANGUAGE_STANDARD = "gnu++17";
				CLANG_ENABLE_MODULES = YES;
				CLANG_ENABLE_OBJC_ARC = YES;
				CLANG_ENABLE_OBJC_WEAK = YES;
				CLANG_WARN_BLOCK_CAPTURE_AUTORELEASING = YES;
				CLANG_WARN_BOOL_CONVERSION = YES;
				CLANG_WARN_COMMA = YES;
				CLANG_WARN_CONSTANT_CONVERSION = YES;
				CLANG_WARN_DEPRECATED_OBJC_IMPLEMENTATIONS = YES;
				CLANG_WARN_DIRECT_OBJC_ISA_USAGE = YES_ERROR;
				CLANG_WARN_DOCUMENTATION_COMMENTS = YES;
				CLANG_WARN_EMPTY_BODY = YES;
				CLANG_WARN_ENUM_CONVERSION = YES;
				CLANG_WARN_INFINITE_RECURSION = YES;
				CLANG_WARN_INT_CONVERSION = YES;
				CLANG_WARN_NON_LITERAL_NULL_CONVERSION = YES;
				CLANG_WARN_OBJC_IMPLICIT_RETAIN_SELF = YES;
				CLANG_WARN_OBJC_LITERAL_CONVERSION = YES;
				CLANG_WARN_OBJC_ROOT_CLASS = YES_ERROR;
				CLANG_WARN_QUOTED_INCLUDE_IN_FRAMEWORK_HEADER = YES;
				CLANG_WARN_RANGE_LOOP_ANALYSIS = YES;
				CLANG_WARN_STRICT_PROTOTYPES = YES;
				CLANG_WARN_SUSPICIOUS_MOVE = YES;
				CLANG_WARN_UNGUARDED_AVAILABILITY = YES_AGGRESSIVE;
				CLANG_WARN_UNREACHABLE_CODE = YES;
				CLANG_WARN__DUPLICATE_METHOD_MATCH = YES;
				COPY_PHASE_STRIP = NO;
				DEBUG_INFORMATION_FORMAT = dwarf;
				ENABLE_STRICT_OBJC_MSGSEND = YES;
				ENABLE_TESTABILITY = YES;
				GCC_C_LANGUAGE_STANDARD = gnu11;
				GCC_DYNAMIC_NO_PIC = NO;
				GCC_NO_COMMON_BLOCKS = YES;
				GCC_OPTIMIZATION_LEVEL = 0;
				GCC_PREPROCESSOR_DEFINITIONS = (
					"DEBUG=1",
					"$(inherited)",
				);
				GCC_WARN_64_TO_32_BIT_CONVERSION = YES;
				GCC_WARN_ABOUT_RETURN_TYPE = YES_ERROR;
				GCC_WARN_UNDECLARED_SELECTOR = YES;
				GCC_WARN_UNINITIALIZED_AUTOS = YES_AGGRESSIVE;
				GCC_WARN_UNUSED_FUNCTION = YES;
				GCC_WARN_UNUSED_VARIABLE = YES;
				IPHONEOS_DEPLOYMENT_TARGET = 15.0;
				MTL_ENABLE_DEBUG_INFO = INCLUDE_SOURCE;
				MTL_FAST_MATH = YES;
				ONLY_ACTIVE_ARCH = YES;
				SDKROOT = iphoneos;
				SWIFT_ACTIVE_COMPILATION_CONDITIONS = DEBUG;
				SWIFT_OPTIMIZATION_LEVEL = "-Onone";
			};
			name = Debug;
		};
		BE73E07E28C21C720081D98E /* Release */ = {
			isa = XCBuildConfiguration;
			buildSettings = {
				ALWAYS_SEARCH_USER_PATHS = NO;
				CLANG_ANALYZER_NONNULL = YES;
				CLANG_ANALYZER_NUMBER_OBJECT_CONVERSION = YES_AGGRESSIVE;
				CLANG_CXX_LANGUAGE_STANDARD = "gnu++17";
				CLANG_ENABLE_MODULES = YES;
				CLANG_ENABLE_OBJC_ARC = YES;
				CLANG_ENABLE_OBJC_WEAK = YES;
				CLANG_WARN_BLOCK_CAPTURE_AUTORELEASING = YES;
				CLANG_WARN_BOOL_CONVERSION = YES;
				CLANG_WARN_COMMA = YES;
				CLANG_WARN_CONSTANT_CONVERSION = YES;
				CLANG_WARN_DEPRECATED_OBJC_IMPLEMENTATIONS = YES;
				CLANG_WARN_DIRECT_OBJC_ISA_USAGE = YES_ERROR;
				CLANG_WARN_DOCUMENTATION_COMMENTS = YES;
				CLANG_WARN_EMPTY_BODY = YES;
				CLANG_WARN_ENUM_CONVERSION = YES;
				CLANG_WARN_INFINITE_RECURSION = YES;
				CLANG_WARN_INT_CONVERSION = YES;
				CLANG_WARN_NON_LITERAL_NULL_CONVERSION = YES;
				CLANG_WARN_OBJC_IMPLICIT_RETAIN_SELF = YES;
				CLANG_WARN_OBJC_LITERAL_CONVERSION = YES;
				CLANG_WARN_OBJC_ROOT_CLASS = YES_ERROR;
				CLANG_WARN_QUOTED_INCLUDE_IN_FRAMEWORK_HEADER = YES;
				CLANG_WARN_RANGE_LOOP_ANALYSIS = YES;
				CLANG_WARN_STRICT_PROTOTYPES = YES;
				CLANG_WARN_SUSPICIOUS_MOVE = YES;
				CLANG_WARN_UNGUARDED_AVAILABILITY = YES_AGGRESSIVE;
				CLANG_WARN_UNREACHABLE_CODE = YES;
				CLANG_WARN__DUPLICATE_METHOD_MATCH = YES;
				COPY_PHASE_STRIP = NO;
				DEBUG_INFORMATION_FORMAT = "dwarf-with-dsym";
				ENABLE_NS_ASSERTIONS = NO;
				ENABLE_STRICT_OBJC_MSGSEND = YES;
				GCC_C_LANGUAGE_STANDARD = gnu11;
				GCC_NO_COMMON_BLOCKS = YES;
				GCC_WARN_64_TO_32_BIT_CONVERSION = YES;
				GCC_WARN_ABOUT_RETURN_TYPE = YES_ERROR;
				GCC_WARN_UNDECLARED_SELECTOR = YES;
				GCC_WARN_UNINITIALIZED_AUTOS = YES_AGGRESSIVE;
				GCC_WARN_UNUSED_FUNCTION = YES;
				GCC_WARN_UNUSED_VARIABLE = YES;
				IPHONEOS_DEPLOYMENT_TARGET = 15.0;
				MTL_ENABLE_DEBUG_INFO = NO;
				MTL_FAST_MATH = YES;
				SDKROOT = iphoneos;
				SWIFT_COMPILATION_MODE = wholemodule;
				SWIFT_OPTIMIZATION_LEVEL = "-O";
				VALIDATE_PRODUCT = YES;
			};
			name = Release;
		};
		BE73E08028C21C720081D98E /* Debug */ = {
			isa = XCBuildConfiguration;
			buildSettings = {
				ASSETCATALOG_COMPILER_APPICON_NAME = AppIcon;
				ASSETCATALOG_COMPILER_GLOBAL_ACCENT_COLOR_NAME = AccentColor;
				CODE_SIGN_STYLE = Automatic;
				CURRENT_PROJECT_VERSION = 1;
				DEVELOPMENT_TEAM = 9FL5FRNFVL;
				GENERATE_INFOPLIST_FILE = YES;
				INFOPLIST_FILE = "ToDoList with Realm, CoreData, UserDefaults/Supporting Files/Info.plist";
				INFOPLIST_KEY_UIApplicationSupportsIndirectInputEvents = YES;
				INFOPLIST_KEY_UILaunchStoryboardName = LaunchScreen;
				INFOPLIST_KEY_UIMainStoryboardFile = Main;
				INFOPLIST_KEY_UISupportedInterfaceOrientations_iPad = "UIInterfaceOrientationPortrait UIInterfaceOrientationPortraitUpsideDown UIInterfaceOrientationLandscapeLeft UIInterfaceOrientationLandscapeRight";
				INFOPLIST_KEY_UISupportedInterfaceOrientations_iPhone = "UIInterfaceOrientationPortrait UIInterfaceOrientationLandscapeLeft UIInterfaceOrientationLandscapeRight";
				IPHONEOS_DEPLOYMENT_TARGET = 15.0;
				LD_RUNPATH_SEARCH_PATHS = (
					"$(inherited)",
					"@executable_path/Frameworks",
				);
				MARKETING_VERSION = 1.0;
				PRODUCT_BUNDLE_IDENTIFIER = "sdox.ToDoList-with-Realm--CoreData--UserDefaults";
				PRODUCT_NAME = "$(TARGET_NAME)";
				SWIFT_EMIT_LOC_STRINGS = YES;
				SWIFT_VERSION = 5.0;
				TARGETED_DEVICE_FAMILY = 1;
			};
			name = Debug;
		};
		BE73E08128C21C720081D98E /* Release */ = {
			isa = XCBuildConfiguration;
			buildSettings = {
				ASSETCATALOG_COMPILER_APPICON_NAME = AppIcon;
				ASSETCATALOG_COMPILER_GLOBAL_ACCENT_COLOR_NAME = AccentColor;
				CODE_SIGN_STYLE = Automatic;
				CURRENT_PROJECT_VERSION = 1;
				DEVELOPMENT_TEAM = 9FL5FRNFVL;
				GENERATE_INFOPLIST_FILE = YES;
				INFOPLIST_FILE = "ToDoList with Realm, CoreData, UserDefaults/Supporting Files/Info.plist";
				INFOPLIST_KEY_UIApplicationSupportsIndirectInputEvents = YES;
				INFOPLIST_KEY_UILaunchStoryboardName = LaunchScreen;
				INFOPLIST_KEY_UIMainStoryboardFile = Main;
				INFOPLIST_KEY_UISupportedInterfaceOrientations_iPad = "UIInterfaceOrientationPortrait UIInterfaceOrientationPortraitUpsideDown UIInterfaceOrientationLandscapeLeft UIInterfaceOrientationLandscapeRight";
				INFOPLIST_KEY_UISupportedInterfaceOrientations_iPhone = "UIInterfaceOrientationPortrait UIInterfaceOrientationLandscapeLeft UIInterfaceOrientationLandscapeRight";
				IPHONEOS_DEPLOYMENT_TARGET = 15.0;
				LD_RUNPATH_SEARCH_PATHS = (
					"$(inherited)",
					"@executable_path/Frameworks",
				);
				MARKETING_VERSION = 1.0;
				PRODUCT_BUNDLE_IDENTIFIER = "sdox.ToDoList-with-Realm--CoreData--UserDefaults";
				PRODUCT_NAME = "$(TARGET_NAME)";
				SWIFT_EMIT_LOC_STRINGS = YES;
				SWIFT_VERSION = 5.0;
				TARGETED_DEVICE_FAMILY = 1;
			};
			name = Release;
		};
/* End XCBuildConfiguration section */

/* Begin XCConfigurationList section */
		BE73E06328C21C700081D98E /* Build configuration list for PBXProject "ToDoList with Realm, CoreData, UserDefaults" */ = {
			isa = XCConfigurationList;
			buildConfigurations = (
				BE73E07D28C21C720081D98E /* Debug */,
				BE73E07E28C21C720081D98E /* Release */,
			);
			defaultConfigurationIsVisible = 0;
			defaultConfigurationName = Release;
		};
		BE73E07F28C21C720081D98E /* Build configuration list for PBXNativeTarget "ToDoList with Realm, CoreData, UserDefaults" */ = {
			isa = XCConfigurationList;
			buildConfigurations = (
				BE73E08028C21C720081D98E /* Debug */,
				BE73E08128C21C720081D98E /* Release */,
			);
			defaultConfigurationIsVisible = 0;
			defaultConfigurationName = Release;
		};
/* End XCConfigurationList section */

/* Begin XCRemoteSwiftPackageReference section */
		BE73E08628C21D4C0081D98E /* XCRemoteSwiftPackageReference "realm-swift" */ = {
			isa = XCRemoteSwiftPackageReference;
			repositoryURL = "https://github.com/realm/realm-swift.git";
			requirement = {
				branch = master;
				kind = branch;
			};
		};
/* End XCRemoteSwiftPackageReference section */

/* Begin XCSwiftPackageProductDependency section */
		BE73E08728C21D4C0081D98E /* Realm */ = {
			isa = XCSwiftPackageProductDependency;
			package = BE73E08628C21D4C0081D98E /* XCRemoteSwiftPackageReference "realm-swift" */;
			productName = Realm;
		};
		BE73E08928C21D4C0081D98E /* RealmSwift */ = {
			isa = XCSwiftPackageProductDependency;
			package = BE73E08628C21D4C0081D98E /* XCRemoteSwiftPackageReference "realm-swift" */;
			productName = RealmSwift;
		};
/* End XCSwiftPackageProductDependency section */

/* Begin XCVersionGroup section */
		BE73E07428C21C700081D98E /* ToDoList_with_Realm__CoreData__UserDefaults.xcdatamodeld */ = {
			isa = XCVersionGroup;
			children = (
				BE73E07528C21C700081D98E /* ToDoList_with_Realm__CoreData__UserDefaults.xcdatamodel */,
			);
			currentVersion = BE73E07528C21C700081D98E /* ToDoList_with_Realm__CoreData__UserDefaults.xcdatamodel */;
			path = ToDoList_with_Realm__CoreData__UserDefaults.xcdatamodeld;
			sourceTree = "<group>";
			versionGroupType = wrapper.xcdatamodel;
		};
/* End XCVersionGroup section */
	};
	rootObject = BE73E06028C21C700081D98E /* Project object */;
}
